// !$*UTF8*$!
{
	archiveVersion = 1;
	classes = {
	};
	objectVersion = 46;
	objects = {

/* Begin PBXBuildFile section */
		BA66D06E299625FED981406A /* ViewController.swift in Sources */ = {isa = PBXBuildFile; fileRef = BA66D2D3D8A1671411B8D9FD /* ViewController.swift */; };
		BA66D2D169D146053A96634E /* AppDelegate.swift in Sources */ = {isa = PBXBuildFile; fileRef = BA66D706F9966404F7374A43 /* AppDelegate.swift */; };
		BA66D500CB796AA2B4A15306 /* Assets.xcassets in Resources */ = {isa = PBXBuildFile; fileRef = BA66D39CFA618EBA347A77C2 /* Assets.xcassets */; };
		BA66DDB8E436E772F8719F7D /* Main.storyboard in Resources */ = {isa = PBXBuildFile; fileRef = BA66DDF52FEF8D99FEB45C52 /* Main.storyboard */; };
/* End PBXBuildFile section */

/* Begin PBXFileReference section */
		BA66D1A2420F94A77DA86977 /* NowPlaying.app */ = {isa = PBXFileReference; explicitFileType = wrapper.application; includeInIndex = 0; path = NowPlaying.app; sourceTree = BUILT_PRODUCTS_DIR; };
		BA66D2D3D8A1671411B8D9FD /* ViewController.swift */ = {isa = PBXFileReference; lastKnownFileType = sourcecode.swift; path = ViewController.swift; sourceTree = "<group>"; };
		BA66D32AA7718AA0798F4E44 /* Info.plist */ = {isa = PBXFileReference; lastKnownFileType = text.plist.info; path = Info.plist; sourceTree = "<group>"; };
		BA66D39CFA618EBA347A77C2 /* Assets.xcassets */ = {isa = PBXFileReference; lastKnownFileType = folder.assetcatalog; path = Assets.xcassets; sourceTree = "<group>"; };
		BA66D3EF002B7276BE19B760 /* Base */ = {isa = PBXFileReference; lastKnownFileType = file.storyboard; name = Base; path = Base.lproj/Main.storyboard; sourceTree = "<group>"; };
		BA66D706F9966404F7374A43 /* AppDelegate.swift */ = {isa = PBXFileReference; lastKnownFileType = sourcecode.swift; path = AppDelegate.swift; sourceTree = "<group>"; };
/* End PBXFileReference section */

/* Begin PBXFrameworksBuildPhase section */
		BA66D958F184E9F5C7563B52 /* Frameworks */ = {
			isa = PBXFrameworksBuildPhase;
			buildActionMask = 2147483647;
			files = (
			);
			runOnlyForDeploymentPostprocessing = 0;
		};
/* End PBXFrameworksBuildPhase section */

/* Begin PBXGroup section */
		BA66D458A3DA49AF7426068D /* NowPlaying */ = {
			isa = PBXGroup;
			children = (
				BA66D32AA7718AA0798F4E44 /* Info.plist */,
				BA66D39CFA618EBA347A77C2 /* Assets.xcassets */,
				BA66D706F9966404F7374A43 /* AppDelegate.swift */,
				BA66DDF52FEF8D99FEB45C52 /* Main.storyboard */,
				BA66D2D3D8A1671411B8D9FD /* ViewController.swift */,
			);
			path = NowPlaying;
			sourceTree = "<group>";
		};
		BA66D59CEDA6FE8A32ADD5F4 = {
			isa = PBXGroup;
			children = (
				BA66D8E7C08EBDE943017335 /* Products */,
				BA66D458A3DA49AF7426068D /* NowPlaying */,
			);
			sourceTree = "<group>";
		};
		BA66D8E7C08EBDE943017335 /* Products */ = {
			isa = PBXGroup;
			children = (
				BA66D1A2420F94A77DA86977 /* NowPlaying.app */,
			);
			name = Products;
			sourceTree = "<group>";
		};
/* End PBXGroup section */

/* Begin PBXNativeTarget section */
		BA66D869F29F4AD36A37A40B /* NowPlaying */ = {
			isa = PBXNativeTarget;
			buildConfigurationList = BA66D13C50563F64AF8032BD /* Build configuration list for PBXNativeTarget "NowPlaying" */;
			buildPhases = (
				BA66DAC6AE38AD519D325239 /* Sources */,
				BA66D958F184E9F5C7563B52 /* Frameworks */,
				BA66DA04A169F8B1373E8885 /* Resources */,
			);
			buildRules = (
			);
			dependencies = (
			);
			name = NowPlaying;
			productName = NowPlaying;
			productReference = BA66D1A2420F94A77DA86977 /* NowPlaying.app */;
			productType = "com.apple.product-type.application";
		};
/* End PBXNativeTarget section */

/* Begin PBXProject section */
		BA66DB51B5C0879563F1F151 /* Project object */ = {
			isa = PBXProject;
			attributes = {
				ORGANIZATIONNAME = jad340;
			};
			buildConfigurationList = BA66D126198A9DD21DC71EFC /* Build configuration list for PBXProject "NowPlaying" */;
			compatibilityVersion = "Xcode 3.2";
			developmentRegion = English;
			hasScannedForEncodings = 0;
			knownRegions = (
				en,
			);
			mainGroup = BA66D59CEDA6FE8A32ADD5F4;
			productRefGroup = BA66D8E7C08EBDE943017335 /* Products */;
			projectDirPath = "";
			projectRoot = "";
			targets = (
				BA66D869F29F4AD36A37A40B /* NowPlaying */,
			);
		};
/* End PBXProject section */

/* Begin PBXResourcesBuildPhase section */
		BA66DA04A169F8B1373E8885 /* Resources */ = {
			isa = PBXResourcesBuildPhase;
			buildActionMask = 2147483647;
			files = (
				BA66D500CB796AA2B4A15306 /* Assets.xcassets in Resources */,
				BA66DDB8E436E772F8719F7D /* Main.storyboard in Resources */,
			);
			runOnlyForDeploymentPostprocessing = 0;
		};
/* End PBXResourcesBuildPhase section */

/* Begin PBXSourcesBuildPhase section */
		BA66DAC6AE38AD519D325239 /* Sources */ = {
			isa = PBXSourcesBuildPhase;
			buildActionMask = 2147483647;
			files = (
				BA66D2D169D146053A96634E /* AppDelegate.swift in Sources */,
				BA66D06E299625FED981406A /* ViewController.swift in Sources */,
			);
			runOnlyForDeploymentPostprocessing = 0;
		};
/* End PBXSourcesBuildPhase section */

/* Begin PBXVariantGroup section */
		BA66DDF52FEF8D99FEB45C52 /* Main.storyboard */ = {
			isa = PBXVariantGroup;
			children = (
				BA66D3EF002B7276BE19B760 /* Base */,
			);
			name = Main.storyboard;
			sourceTree = "<group>";
		};
/* End PBXVariantGroup section */

/* Begin XCBuildConfiguration section */
		BA66D4B90086CBF92F704135 /* Release */ = {
			isa = XCBuildConfiguration;
			buildSettings = {
				ALWAYS_SEARCH_USER_PATHS = NO;
				CLANG_ANALYZER_NONNULL = YES;
				CLANG_ANALYZER_NUMBER_OBJECT_CONVERSION = YES_AGGRESSIVE;
				CLANG_CXX_LANGUAGE_STANDARD = "gnu++0x";
				CLANG_CXX_LIBRARY = "libc++";
				CLANG_ENABLE_MODULES = YES;
				CLANG_ENABLE_OBJC_ARC = YES;
				CLANG_WARN_BOOL_CONVERSION = YES;
				CLANG_WARN_CONSTANT_CONVERSION = YES;
				CLANG_WARN_DIRECT_OBJC_ISA_USAGE = YES_ERROR;
				CLANG_WARN_DOCUMENTATION_COMMENTS = YES;
				CLANG_WARN_EMPTY_BODY = YES;
				CLANG_WARN_ENUM_CONVERSION = YES;
				CLANG_WARN_INFINITE_RECURSION = YES;
				CLANG_WARN_INT_CONVERSION = YES;
				CLANG_WARN_OBJC_ROOT_CLASS = YES_ERROR;
				CLANG_WARN_SUSPICIOUS_MOVE = YES;
				CLANG_WARN_UNREACHABLE_CODE = YES;
				CLANG_WARN__DUPLICATE_METHOD_MATCH = YES;
				CODE_SIGN_IDENTITY = "-";
				COPY_PHASE_STRIP = NO;
				DEBUG_INFORMATION_FORMAT = "dwarf-with-dsym";
				ENABLE_NS_ASSERTIONS = NO;
				ENABLE_STRICT_OBJC_MSGSEND = YES;
				GCC_C_LANGUAGE_STANDARD = gnu99;
				GCC_NO_COMMON_BLOCKS = YES;
				GCC_WARN_64_TO_32_BIT_CONVERSION = YES;
				GCC_WARN_ABOUT_RETURN_TYPE = YES_ERROR;
				GCC_WARN_UNDECLARED_SELECTOR = YES;
				GCC_WARN_UNINITIALIZED_AUTOS = YES_AGGRESSIVE;
				GCC_WARN_UNUSED_FUNCTION = YES;
				GCC_WARN_UNUSED_VARIABLE = YES;
				MACOSX_DEPLOYMENT_TARGET = 10.12;
				MTL_ENABLE_DEBUG_INFO = NO;
				SDKROOT = macosx;
				SWIFT_OPTIMIZATION_LEVEL = "-Owholemodule";
			};
			name = Release;
		};
		BA66DABA8202019B6A9149F8 /* Debug */ = {
			isa = XCBuildConfiguration;
			buildSettings = {
				ASSETCATALOG_COMPILER_APPICON_NAME = AppIcon;
				COMBINE_HIDPI_IMAGES = YES;
				INFOPLIST_FILE = NowPlaying/Info.plist;
				LD_RUNPATH_SEARCH_PATHS = "$(inherited) @executable_path/../Frameworks";
				PRODUCT_BUNDLE_IDENTIFIER = com.jad340.NowPlaying;
				PRODUCT_NAME = "$(TARGET_NAME)";
				SWIFT_VERSION = 3.1;
			};
			name = Debug;
		};
		BA66DCA7C6EF63700549F4DC /* Debug */ = {
			isa = XCBuildConfiguration;
			buildSettings = {
				ALWAYS_SEARCH_USER_PATHS = NO;
				CLANG_ANALYZER_NONNULL = YES;
				CLANG_ANALYZER_NUMBER_OBJECT_CONVERSION = YES_AGGRESSIVE;
				CLANG_CXX_LANGUAGE_STANDARD = "gnu++0x";
				CLANG_CXX_LIBRARY = "libc++";
				CLANG_ENABLE_MODULES = YES;
				CLANG_ENABLE_OBJC_ARC = YES;
				CLANG_WARN_BOOL_CONVERSION = YES;
				CLANG_WARN_CONSTANT_CONVERSION = YES;
				CLANG_WARN_DIRECT_OBJC_ISA_USAGE = YES_ERROR;
				CLANG_WARN_DOCUMENTATION_COMMENTS = YES;
				CLANG_WARN_EMPTY_BODY = YES;
				CLANG_WARN_ENUM_CONVERSION = YES;
				CLANG_WARN_INFINITE_RECURSION = YES;
				CLANG_WARN_INT_CONVERSION = YES;
				CLANG_WARN_OBJC_ROOT_CLASS = YES_ERROR;
				CLANG_WARN_SUSPICIOUS_MOVE = YES;
				CLANG_WARN_UNREACHABLE_CODE = YES;
				CLANG_WARN__DUPLICATE_METHOD_MATCH = YES;
				CODE_SIGN_IDENTITY = "-";
				COPY_PHASE_STRIP = NO;
				DEBUG_INFORMATION_FORMAT = dwarf;
				ENABLE_STRICT_OBJC_MSGSEND = YES;
				ENABLE_TESTABILITY = YES;
				GCC_C_LANGUAGE_STANDARD = gnu99;
				GCC_DYNAMIC_NO_PIC = NO;
				GCC_NO_COMMON_BLOCKS = YES;
				GCC_OPTIMIZATION_LEVEL = 0;
				GCC_PREPROCESSOR_DEFINITIONS = (
					"DEBUG=1",
					"$(inherited)",
				);
				GCC_WARN_64_TO_32_BIT_CONVERSION = YES;
				GCC_WARN_ABOUT_RETURN_TYPE = YES_ERROR;
				GCC_WARN_UNDECLARED_SELECTOR = YES;
				GCC_WARN_UNINITIALIZED_AUTOS = YES_AGGRESSIVE;
				GCC_WARN_UNUSED_FUNCTION = YES;
				GCC_WARN_UNUSED_VARIABLE = YES;
				MACOSX_DEPLOYMENT_TARGET = 10.12;
				MTL_ENABLE_DEBUG_INFO = YES;
				ONLY_ACTIVE_ARCH = YES;
				SDKROOT = macosx;
				SWIFT_ACTIVE_COMPILATION_CONDITIONS = DEBUG;
				SWIFT_OPTIMIZATION_LEVEL = "-Onone";
			};
			name = Debug;
		};
		BA66DD30C5680E9EC8E2F7F5 /* Release */ = {
			isa = XCBuildConfiguration;
			buildSettings = {
				ASSETCATALOG_COMPILER_APPICON_NAME = AppIcon;
				COMBINE_HIDPI_IMAGES = YES;
				INFOPLIST_FILE = NowPlaying/Info.plist;
				LD_RUNPATH_SEARCH_PATHS = "$(inherited) @executable_path/../Frameworks";
				PRODUCT_BUNDLE_IDENTIFIER = com.jad340.NowPlaying;
				PRODUCT_NAME = "$(TARGET_NAME)";
				SWIFT_VERSION = 3.1;
			};
			name = Release;
		};
/* End XCBuildConfiguration section */

/* Begin XCConfigurationList section */
		BA66D126198A9DD21DC71EFC /* Build configuration list for PBXProject "NowPlaying" */ = {
			isa = XCConfigurationList;
			buildConfigurations = (
				BA66DCA7C6EF63700549F4DC /* Debug */,
				BA66D4B90086CBF92F704135 /* Release */,
			);
			defaultConfigurationIsVisible = 0;
			defaultConfigurationName = Release;
		};
		BA66D13C50563F64AF8032BD /* Build configuration list for PBXNativeTarget "NowPlaying" */ = {
			isa = XCConfigurationList;
			buildConfigurations = (
				BA66DABA8202019B6A9149F8 /* Debug */,
				BA66DD30C5680E9EC8E2F7F5 /* Release */,
			);
			defaultConfigurationIsVisible = 0;
		};
/* End XCConfigurationList section */
	};
	rootObject = BA66DB51B5C0879563F1F151 /* Project object */;
}
